// !$*UTF8*$!
{
	archiveVersion = 1;
	classes = {
	};
	objectVersion = 52;
	objects = {

/* Begin PBXBuildFile section */
		F32BA081238935120075556C /* AppDelegate.swift in Sources */ = {isa = PBXBuildFile; fileRef = F32BA080238935120075556C /* AppDelegate.swift */; };
		F32BA083238935120075556C /* ContentView.swift in Sources */ = {isa = PBXBuildFile; fileRef = F32BA082238935120075556C /* ContentView.swift */; };
		F32BA087238935140075556C /* Assets.xcassets in Resources */ = {isa = PBXBuildFile; fileRef = F32BA086238935140075556C /* Assets.xcassets */; };
		F32BA08A238935140075556C /* Preview Assets.xcassets in Resources */ = {isa = PBXBuildFile; fileRef = F32BA089238935140075556C /* Preview Assets.xcassets */; };
		F32BA08D238935140075556C /* LaunchScreen.storyboard in Resources */ = {isa = PBXBuildFile; fileRef = F32BA08B238935140075556C /* LaunchScreen.storyboard */; };
		F32BA0982389B1880075556C /* RealityViewController.swift in Sources */ = {isa = PBXBuildFile; fileRef = F32BA0972389B1880075556C /* RealityViewController.swift */; };
		F32BA0A12389E6AB0075556C /* RealityViewController+Gestures.swift in Sources */ = {isa = PBXBuildFile; fileRef = F32BA0A02389E6AB0075556C /* RealityViewController+Gestures.swift */; };
		F3D758E9249949FC0019A821 /* FocusEntity in Frameworks */ = {isa = PBXBuildFile; productRef = F3D758E8249949FC0019A821 /* FocusEntity */; };
		F3F3F88A2401658700AC1EBF /* MultipeerHelper.swift in Sources */ = {isa = PBXBuildFile; fileRef = F3F3F8872401658700AC1EBF /* MultipeerHelper.swift */; };
		F3F3F88B2401658700AC1EBF /* HasSynchronization+Extensions.swift in Sources */ = {isa = PBXBuildFile; fileRef = F3F3F8882401658700AC1EBF /* HasSynchronization+Extensions.swift */; };
		F3F3F88C2401658700AC1EBF /* MultipeerHelperDelegate.swift in Sources */ = {isa = PBXBuildFile; fileRef = F3F3F8892401658700AC1EBF /* MultipeerHelperDelegate.swift */; };
/* End PBXBuildFile section */

/* Begin PBXFileReference section */
		F32BA07D238935120075556C /* MultipeerHelper+Example.app */ = {isa = PBXFileReference; explicitFileType = wrapper.application; includeInIndex = 0; path = "MultipeerHelper+Example.app"; sourceTree = BUILT_PRODUCTS_DIR; };
		F32BA080238935120075556C /* AppDelegate.swift */ = {isa = PBXFileReference; lastKnownFileType = sourcecode.swift; path = AppDelegate.swift; sourceTree = "<group>"; };
		F32BA082238935120075556C /* ContentView.swift */ = {isa = PBXFileReference; lastKnownFileType = sourcecode.swift; path = ContentView.swift; sourceTree = "<group>"; };
		F32BA086238935140075556C /* Assets.xcassets */ = {isa = PBXFileReference; lastKnownFileType = folder.assetcatalog; path = Assets.xcassets; sourceTree = "<group>"; };
		F32BA089238935140075556C /* Preview Assets.xcassets */ = {isa = PBXFileReference; lastKnownFileType = folder.assetcatalog; path = "Preview Assets.xcassets"; sourceTree = "<group>"; };
		F32BA08C238935140075556C /* Base */ = {isa = PBXFileReference; lastKnownFileType = file.storyboard; name = Base; path = Base.lproj/LaunchScreen.storyboard; sourceTree = "<group>"; };
		F32BA08E238935140075556C /* Info.plist */ = {isa = PBXFileReference; lastKnownFileType = text.plist.xml; path = Info.plist; sourceTree = "<group>"; };
		F32BA0972389B1880075556C /* RealityViewController.swift */ = {isa = PBXFileReference; lastKnownFileType = sourcecode.swift; path = RealityViewController.swift; sourceTree = "<group>"; };
		F32BA0A02389E6AB0075556C /* RealityViewController+Gestures.swift */ = {isa = PBXFileReference; lastKnownFileType = sourcecode.swift; path = "RealityViewController+Gestures.swift"; sourceTree = "<group>"; };
		F3F3F8872401658700AC1EBF /* MultipeerHelper.swift */ = {isa = PBXFileReference; fileEncoding = 4; lastKnownFileType = sourcecode.swift; name = MultipeerHelper.swift; path = ../Sources/MultipeerHelper/MultipeerHelper.swift; sourceTree = SOURCE_ROOT; };
		F3F3F8882401658700AC1EBF /* HasSynchronization+Extensions.swift */ = {isa = PBXFileReference; fileEncoding = 4; lastKnownFileType = sourcecode.swift; name = "HasSynchronization+Extensions.swift"; path = "../Sources/MultipeerHelper/HasSynchronization+Extensions.swift"; sourceTree = SOURCE_ROOT; };
		F3F3F8892401658700AC1EBF /* MultipeerHelperDelegate.swift */ = {isa = PBXFileReference; fileEncoding = 4; lastKnownFileType = sourcecode.swift; name = MultipeerHelperDelegate.swift; path = ../Sources/MultipeerHelper/MultipeerHelperDelegate.swift; sourceTree = SOURCE_ROOT; };
/* End PBXFileReference section */

/* Begin PBXFrameworksBuildPhase section */
		F32BA07A238935120075556C /* Frameworks */ = {
			isa = PBXFrameworksBuildPhase;
			buildActionMask = 2147483647;
			files = (
				F3D758E9249949FC0019A821 /* FocusEntity in Frameworks */,
			);
			runOnlyForDeploymentPostprocessing = 0;
		};
/* End PBXFrameworksBuildPhase section */

/* Begin PBXGroup section */
		F32BA074238935120075556C = {
			isa = PBXGroup;
			children = (
				F32BA07F238935120075556C /* MultipeerHelper+Example */,
				F32BA07E238935120075556C /* Products */,
			);
			sourceTree = "<group>";
		};
		F32BA07E238935120075556C /* Products */ = {
			isa = PBXGroup;
			children = (
				F32BA07D238935120075556C /* MultipeerHelper+Example.app */,
			);
			name = Products;
			sourceTree = "<group>";
		};
		F32BA07F238935120075556C /* MultipeerHelper+Example */ = {
			isa = PBXGroup;
			children = (
				F32BA080238935120075556C /* AppDelegate.swift */,
				F32BA082238935120075556C /* ContentView.swift */,
				F32BA0972389B1880075556C /* RealityViewController.swift */,
				F32BA0A02389E6AB0075556C /* RealityViewController+Gestures.swift */,
				F32BA086238935140075556C /* Assets.xcassets */,
				F32BA08B238935140075556C /* LaunchScreen.storyboard */,
				F32BA08E238935140075556C /* Info.plist */,
				F3F3F8862401657900AC1EBF /* MultipeerHelper */,
				F32BA088238935140075556C /* Preview Content */,
			);
			path = "MultipeerHelper+Example";
			sourceTree = "<group>";
		};
		F32BA088238935140075556C /* Preview Content */ = {
			isa = PBXGroup;
			children = (
				F32BA089238935140075556C /* Preview Assets.xcassets */,
			);
			path = "Preview Content";
			sourceTree = "<group>";
		};
		F3F3F8862401657900AC1EBF /* MultipeerHelper */ = {
			isa = PBXGroup;
			children = (
				F3F3F8882401658700AC1EBF /* HasSynchronization+Extensions.swift */,
				F3F3F8872401658700AC1EBF /* MultipeerHelper.swift */,
				F3F3F8892401658700AC1EBF /* MultipeerHelperDelegate.swift */,
			);
			path = MultipeerHelper;
			sourceTree = "<group>";
		};
/* End PBXGroup section */

/* Begin PBXNativeTarget section */
		F32BA07C238935120075556C /* MultipeerHelper+Example */ = {
			isa = PBXNativeTarget;
			buildConfigurationList = F32BA091238935140075556C /* Build configuration list for PBXNativeTarget "MultipeerHelper+Example" */;
			buildPhases = (
				F32BA079238935120075556C /* Sources */,
				F32BA07A238935120075556C /* Frameworks */,
				F32BA07B238935120075556C /* Resources */,
			);
			buildRules = (
			);
			dependencies = (
			);
			name = "MultipeerHelper+Example";
			packageProductDependencies = (
				F3D758E8249949FC0019A821 /* FocusEntity */,
			);
			productName = "MultipeerHelper+Example";
			productReference = F32BA07D238935120075556C /* MultipeerHelper+Example.app */;
			productType = "com.apple.product-type.application";
		};
/* End PBXNativeTarget section */

/* Begin PBXProject section */
		F32BA075238935120075556C /* Project object */ = {
			isa = PBXProject;
			attributes = {
				LastSwiftUpdateCheck = 1120;
				LastUpgradeCheck = 1120;
				ORGANIZATIONNAME = "Max Cobb";
				TargetAttributes = {
					F32BA07C238935120075556C = {
						CreatedOnToolsVersion = 11.2;
					};
				};
			};
			buildConfigurationList = F32BA078238935120075556C /* Build configuration list for PBXProject "MultipeerHelper+Example" */;
			compatibilityVersion = "Xcode 9.3";
			developmentRegion = en;
			hasScannedForEncodings = 0;
			knownRegions = (
				en,
				Base,
			);
			mainGroup = F32BA074238935120075556C;
			packageReferences = (
				F3D758E7249949FC0019A821 /* XCRemoteSwiftPackageReference "FocusEntity" */,
			);
			productRefGroup = F32BA07E238935120075556C /* Products */;
			projectDirPath = "";
			projectRoot = "";
			targets = (
				F32BA07C238935120075556C /* MultipeerHelper+Example */,
			);
		};
/* End PBXProject section */

/* Begin PBXResourcesBuildPhase section */
		F32BA07B238935120075556C /* Resources */ = {
			isa = PBXResourcesBuildPhase;
			buildActionMask = 2147483647;
			files = (
				F32BA08D238935140075556C /* LaunchScreen.storyboard in Resources */,
				F32BA08A238935140075556C /* Preview Assets.xcassets in Resources */,
				F32BA087238935140075556C /* Assets.xcassets in Resources */,
			);
			runOnlyForDeploymentPostprocessing = 0;
		};
/* End PBXResourcesBuildPhase section */

/* Begin PBXSourcesBuildPhase section */
		F32BA079238935120075556C /* Sources */ = {
			isa = PBXSourcesBuildPhase;
			buildActionMask = 2147483647;
			files = (
				F32BA083238935120075556C /* ContentView.swift in Sources */,
				F3F3F88B2401658700AC1EBF /* HasSynchronization+Extensions.swift in Sources */,
				F3F3F88C2401658700AC1EBF /* MultipeerHelperDelegate.swift in Sources */,
				F32BA0A12389E6AB0075556C /* RealityViewController+Gestures.swift in Sources */,
				F32BA0982389B1880075556C /* RealityViewController.swift in Sources */,
				F32BA081238935120075556C /* AppDelegate.swift in Sources */,
				F3F3F88A2401658700AC1EBF /* MultipeerHelper.swift in Sources */,
			);
			runOnlyForDeploymentPostprocessing = 0;
		};
/* End PBXSourcesBuildPhase section */

/* Begin PBXVariantGroup section */
		F32BA08B238935140075556C /* LaunchScreen.storyboard */ = {
			isa = PBXVariantGroup;
			children = (
				F32BA08C238935140075556C /* Base */,
			);
			name = LaunchScreen.storyboard;
			sourceTree = "<group>";
		};
/* End PBXVariantGroup section */

/* Begin XCBuildConfiguration section */
		F32BA08F238935140075556C /* Debug */ = {
			isa = XCBuildConfiguration;
			buildSettings = {
				ALWAYS_SEARCH_USER_PATHS = NO;
				CLANG_ANALYZER_NONNULL = YES;
				CLANG_ANALYZER_NUMBER_OBJECT_CONVERSION = YES_AGGRESSIVE;
				CLANG_CXX_LANGUAGE_STANDARD = "gnu++14";
				CLANG_CXX_LIBRARY = "libc++";
				CLANG_ENABLE_MODULES = YES;
				CLANG_ENABLE_OBJC_ARC = YES;
				CLANG_ENABLE_OBJC_WEAK = YES;
				CLANG_WARN_BLOCK_CAPTURE_AUTORELEASING = YES;
				CLANG_WARN_BOOL_CONVERSION = YES;
				CLANG_WARN_COMMA = YES;
				CLANG_WARN_CONSTANT_CONVERSION = YES;
				CLANG_WARN_DEPRECATED_OBJC_IMPLEMENTATIONS = YES;
				CLANG_WARN_DIRECT_OBJC_ISA_USAGE = YES_ERROR;
				CLANG_WARN_DOCUMENTATION_COMMENTS = YES;
				CLANG_WARN_EMPTY_BODY = YES;
				CLANG_WARN_ENUM_CONVERSION = YES;
				CLANG_WARN_INFINITE_RECURSION = YES;
				CLANG_WARN_INT_CONVERSION = YES;
				CLANG_WARN_NON_LITERAL_NULL_CONVERSION = YES;
				CLANG_WARN_OBJC_IMPLICIT_RETAIN_SELF = YES;
				CLANG_WARN_OBJC_LITERAL_CONVERSION = YES;
				CLANG_WARN_OBJC_ROOT_CLASS = YES_ERROR;
				CLANG_WARN_RANGE_LOOP_ANALYSIS = YES;
				CLANG_WARN_STRICT_PROTOTYPES = YES;
				CLANG_WARN_SUSPICIOUS_MOVE = YES;
				CLANG_WARN_UNGUARDED_AVAILABILITY = YES_AGGRESSIVE;
				CLANG_WARN_UNREACHABLE_CODE = YES;
				CLANG_WARN__DUPLICATE_METHOD_MATCH = YES;
				COPY_PHASE_STRIP = NO;
				DEBUG_INFORMATION_FORMAT = dwarf;
				ENABLE_STRICT_OBJC_MSGSEND = YES;
				ENABLE_TESTABILITY = YES;
				GCC_C_LANGUAGE_STANDARD = gnu11;
				GCC_DYNAMIC_NO_PIC = NO;
				GCC_NO_COMMON_BLOCKS = YES;
				GCC_OPTIMIZATION_LEVEL = 0;
				GCC_PREPROCESSOR_DEFINITIONS = (
					"DEBUG=1",
					"$(inherited)",
				);
				GCC_WARN_64_TO_32_BIT_CONVERSION = YES;
				GCC_WARN_ABOUT_RETURN_TYPE = YES_ERROR;
				GCC_WARN_UNDECLARED_SELECTOR = YES;
				GCC_WARN_UNINITIALIZED_AUTOS = YES_AGGRESSIVE;
				GCC_WARN_UNUSED_FUNCTION = YES;
				GCC_WARN_UNUSED_VARIABLE = YES;
				IPHONEOS_DEPLOYMENT_TARGET = 13.1;
				MTL_ENABLE_DEBUG_INFO = INCLUDE_SOURCE;
				MTL_FAST_MATH = YES;
				ONLY_ACTIVE_ARCH = YES;
				SDKROOT = iphoneos;
				SWIFT_ACTIVE_COMPILATION_CONDITIONS = DEBUG;
				SWIFT_OPTIMIZATION_LEVEL = "-Onone";
			};
			name = Debug;
		};
		F32BA090238935140075556C /* Release */ = {
			isa = XCBuildConfiguration;
			buildSettings = {
				ALWAYS_SEARCH_USER_PATHS = NO;
				CLANG_ANALYZER_NONNULL = YES;
				CLANG_ANALYZER_NUMBER_OBJECT_CONVERSION = YES_AGGRESSIVE;
				CLANG_CXX_LANGUAGE_STANDARD = "gnu++14";
				CLANG_CXX_LIBRARY = "libc++";
				CLANG_ENABLE_MODULES = YES;
				CLANG_ENABLE_OBJC_ARC = YES;
				CLANG_ENABLE_OBJC_WEAK = YES;
				CLANG_WARN_BLOCK_CAPTURE_AUTORELEASING = YES;
				CLANG_WARN_BOOL_CONVERSION = YES;
				CLANG_WARN_COMMA = YES;
				CLANG_WARN_CONSTANT_CONVERSION = YES;
				CLANG_WARN_DEPRECATED_OBJC_IMPLEMENTATIONS = YES;
				CLANG_WARN_DIRECT_OBJC_ISA_USAGE = YES_ERROR;
				CLANG_WARN_DOCUMENTATION_COMMENTS = YES;
				CLANG_WARN_EMPTY_BODY = YES;
				CLANG_WARN_ENUM_CONVERSION = YES;
				CLANG_WARN_INFINITE_RECURSION = YES;
				CLANG_WARN_INT_CONVERSION = YES;
				CLANG_WARN_NON_LITERAL_NULL_CONVERSION = YES;
				CLANG_WARN_OBJC_IMPLICIT_RETAIN_SELF = YES;
				CLANG_WARN_OBJC_LITERAL_CONVERSION = YES;
				CLANG_WARN_OBJC_ROOT_CLASS = YES_ERROR;
				CLANG_WARN_RANGE_LOOP_ANALYSIS = YES;
				CLANG_WARN_STRICT_PROTOTYPES = YES;
				CLANG_WARN_SUSPICIOUS_MOVE = YES;
				CLANG_WARN_UNGUARDED_AVAILABILITY = YES_AGGRESSIVE;
				CLANG_WARN_UNREACHABLE_CODE = YES;
				CLANG_WARN__DUPLICATE_METHOD_MATCH = YES;
				COPY_PHASE_STRIP = NO;
				DEBUG_INFORMATION_FORMAT = "dwarf-with-dsym";
				ENABLE_NS_ASSERTIONS = NO;
				ENABLE_STRICT_OBJC_MSGSEND = YES;
				GCC_C_LANGUAGE_STANDARD = gnu11;
				GCC_NO_COMMON_BLOCKS = YES;
				GCC_WARN_64_TO_32_BIT_CONVERSION = YES;
				GCC_WARN_ABOUT_RETURN_TYPE = YES_ERROR;
				GCC_WARN_UNDECLARED_SELECTOR = YES;
				GCC_WARN_UNINITIALIZED_AUTOS = YES_AGGRESSIVE;
				GCC_WARN_UNUSED_FUNCTION = YES;
				GCC_WARN_UNUSED_VARIABLE = YES;
				IPHONEOS_DEPLOYMENT_TARGET = 13.1;
				MTL_ENABLE_DEBUG_INFO = NO;
				MTL_FAST_MATH = YES;
				SDKROOT = iphoneos;
				SWIFT_COMPILATION_MODE = wholemodule;
				SWIFT_OPTIMIZATION_LEVEL = "-O";
				VALIDATE_PRODUCT = YES;
			};
			name = Release;
		};
		F32BA092238935140075556C /* Debug */ = {
			isa = XCBuildConfiguration;
			buildSettings = {
				ASSETCATALOG_COMPILER_APPICON_NAME = AppIcon;
				CODE_SIGN_STYLE = Automatic;
				DEAD_CODE_STRIPPING = NO;
				DEVELOPMENT_ASSET_PATHS = "\"MultipeerHelper+Example/Preview Content\"";
				DEVELOPMENT_TEAM = "";
				ENABLE_PREVIEWS = YES;
				INFOPLIST_FILE = "MultipeerHelper+Example/Info.plist";
				LD_RUNPATH_SEARCH_PATHS = (
					"$(inherited)",
					"@executable_path/Frameworks",
				);
				PRODUCT_BUNDLE_IDENTIFIER = "cobb.max.MultipeerHelper-Example";
				PRODUCT_NAME = "$(TARGET_NAME)";
				SWIFT_VERSION = 5.0;
				TARGETED_DEVICE_FAMILY = "1,2";
			};
			name = Debug;
		};
		F32BA093238935140075556C /* Release */ = {
			isa = XCBuildConfiguration;
			buildSettings = {
				ASSETCATALOG_COMPILER_APPICON_NAME = AppIcon;
				CODE_SIGN_STYLE = Automatic;
				DEAD_CODE_STRIPPING = NO;
				DEVELOPMENT_ASSET_PATHS = "\"MultipeerHelper+Example/Preview Content\"";
				DEVELOPMENT_TEAM = "";
				ENABLE_PREVIEWS = YES;
				INFOPLIST_FILE = "MultipeerHelper+Example/Info.plist";
				LD_RUNPATH_SEARCH_PATHS = (
					"$(inherited)",
					"@executable_path/Frameworks",
				);
				PRODUCT_BUNDLE_IDENTIFIER = "cobb.max.MultipeerHelper-Example";
				PRODUCT_NAME = "$(TARGET_NAME)";
				SWIFT_VERSION = 5.0;
				TARGETED_DEVICE_FAMILY = "1,2";
			};
			name = Release;
		};
/* End XCBuildConfiguration section */

/* Begin XCConfigurationList section */
		F32BA078238935120075556C /* Build configuration list for PBXProject "MultipeerHelper+Example" */ = {
			isa = XCConfigurationList;
			buildConfigurations = (
				F32BA08F238935140075556C /* Debug */,
				F32BA090238935140075556C /* Release */,
			);
			defaultConfigurationIsVisible = 0;
			defaultConfigurationName = Release;
		};
		F32BA091238935140075556C /* Build configuration list for PBXNativeTarget "MultipeerHelper+Example" */ = {
			isa = XCConfigurationList;
			buildConfigurations = (
				F32BA092238935140075556C /* Debug */,
				F32BA093238935140075556C /* Release */,
			);
			defaultConfigurationIsVisible = 0;
			defaultConfigurationName = Release;
		};
/* End XCConfigurationList section */

/* Begin XCRemoteSwiftPackageReference section */
		F3D758E7249949FC0019A821 /* XCRemoteSwiftPackageReference "FocusEntity" */ = {
			isa = XCRemoteSwiftPackageReference;
			repositoryURL = "https://github.com/maxxfrazer/FocusEntity.git";
			requirement = {
				kind = upToNextMajorVersion;
				minimumVersion = 1.1.1;
			};
		};
/* End XCRemoteSwiftPackageReference section */

/* Begin XCSwiftPackageProductDependency section */
		F3D758E8249949FC0019A821 /* FocusEntity */ = {
			isa = XCSwiftPackageProductDependency;
			package = F3D758E7249949FC0019A821 /* XCRemoteSwiftPackageReference "FocusEntity" */;
			productName = FocusEntity;
		};
/* End XCSwiftPackageProductDependency section */
	};
	rootObject = F32BA075238935120075556C /* Project object */;
}
